
Microsoft Visual Studio Solution File, Format Version 12.00
# Visual Studio 15
VisualStudioVersion = 15.0.26228.9
MinimumVisualStudioVersion = 10.0.40219.1
Project("{FAE04EC0-301F-11D3-BF4B-00C04F79EFBC}") = "Rocket.Core", "Rocket.Core\Rocket.Core.csproj", "{7A9D652F-DC18-45FD-8964-DBAAD6384C3D}"
EndProject
Project("{FAE04EC0-301F-11D3-BF4B-00C04F79EFBC}") = "Rocket.API", "Rocket.API\Rocket.API.csproj", "{C362DF2F-1336-4932-AADC-4F2074FEDB64}"
EndProject
Project("{2150E333-8FDC-42A3-9474-1A3956D46DE8}") = "dev", "dev", "{BF6C67CB-DA13-47BD-8E8D-E335DD457E01}"
	ProjectSection(SolutionItems) = preProject
		dev\Mono.Cecil.dll = dev\Mono.Cecil.dll
		dev\Mono.CompilerServices.SymbolWriter.dll = dev\Mono.CompilerServices.SymbolWriter.dll
		dev\pdb2mdb.exe = dev\pdb2mdb.exe
	EndProjectSection
EndProject
Project("{2150E333-8FDC-42A3-9474-1A3956D46DE8}") = "Solution Items", "Solution Items", "{DCE572A8-5DD9-4DCA-8B3E-30F428817065}"
	ProjectSection(SolutionItems) = preProject
		LICENSE = LICENSE
		README = README
	EndProjectSection
EndProject
Project("{FAE04EC0-301F-11D3-BF4B-00C04F79EFBC}") = "Rocket.Core.Tests", "Rocket.Core.Tests\Rocket.Core.Tests.csproj", "{5D7EFFCB-0012-4C95-AB57-64BA9D51D378}"
EndProject
Project("{FAE04EC0-301F-11D3-BF4B-00C04F79EFBC}") = "Rocket.Plugins.Sandboxed", "Rocket.Plugins.Sandboxed\Rocket.Plugins.Sandboxed.csproj", "{C3C335C8-2093-4535-812A-B437965D28EB}"
EndProject
Project("{FAE04EC0-301F-11D3-BF4B-00C04F79EFBC}") = "Rocket.Plugins.Native", "Rocket.Plugins.Native\Rocket.Plugins.Native.csproj", "{6D02A4EC-CFDD-4F20-A76F-BF9ADD9586F0}"
EndProject
Project("{FAE04EC0-301F-11D3-BF4B-00C04F79EFBC}") = "Rocket.Launcher", "Rocket.Launcher\Rocket.Launcher.csproj", "{986270D2-6F5F-48A7-972E-93E13ABC2907}"
EndProject
Project("{FAE04EC0-301F-11D3-BF4B-00C04F79EFBC}") = "Rocket.IPC.Host", "Rocket.IPC.Host\Rocket.IPC.Host.csproj", "{8888CBB9-7175-4E25-BEB9-A2A7E095D278}"
EndProject
Project("{FAE04EC0-301F-11D3-BF4B-00C04F79EFBC}") = "Rocket.Plugins.ScriptBase", "Rocket.Plugins.ScriptBase\Rocket.Plugins.ScriptBase.csproj", "{B62C91D0-5D32-45FB-A0C5-E551C6C2379E}"
EndProject
Project("{FAE04EC0-301F-11D3-BF4B-00C04F79EFBC}") = "Rocket.Plugins.ClearScript", "Rocket.Plugins.ClearScript\Rocket.Plugins.ClearScript.csproj", "{F9952931-A2FA-4CC7-9F18-35E711421213}"
EndProject
Project("{FAE04EC0-301F-11D3-BF4B-00C04F79EFBC}") = "Rocket.Plugins.NLua", "Rocket.Plugins.NLua\Rocket.Plugins.NLua.csproj", "{544CA763-5455-453F-A015-12AC805F092A}"
EndProject
Project("{FAE04EC0-301F-11D3-BF4B-00C04F79EFBC}") = "Rocket.SandboxTester", "Rocket.SandboxTester\Rocket.SandboxTester.csproj", "{5D5645F1-4631-4407-9D46-622783F27FDC}"
EndProject
Project("{2150E333-8FDC-42A3-9474-1A3956D46DE8}") = "lib", "lib", "{AFDBAC6E-A519-4F82-BF5F-BDA7A187FB8D}"
	ProjectSection(SolutionItems) = preProject
		..\..\..\..\..\..\Program Files\Unity\Editor\Data\Mono\lib\mono\2.0\Mono.Messaging.dll = ..\..\..\..\..\..\Program Files\Unity\Editor\Data\Mono\lib\mono\2.0\Mono.Messaging.dll
		lib\System.Drawing.dll = lib\System.Drawing.dll
		lib\System.IdentityModel.dll = lib\System.IdentityModel.dll
		lib\System.IdentityModel.Selectors.dll = lib\System.IdentityModel.Selectors.dll
		..\..\..\..\..\..\Program Files\Unity\Editor\Data\Mono\lib\mono\2.0\System.Messaging.dll = ..\..\..\..\..\..\Program Files\Unity\Editor\Data\Mono\lib\mono\2.0\System.Messaging.dll
		lib\System.Runtime.Serialization.dll = lib\System.Runtime.Serialization.dll
		lib\System.ServiceModel.dll = lib\System.ServiceModel.dll
		lib\System.Web.dll = lib\System.Web.dll
		lib\System.Web.Services.dll = lib\System.Web.Services.dll
		lib\System.Windows.Forms.dll = lib\System.Windows.Forms.dll
		..\Rocket.Unturned\lib\UnityEngine.dll = ..\Rocket.Unturned\lib\UnityEngine.dll
	EndProjectSection
EndProject
Global
	GlobalSection(SolutionConfigurationPlatforms) = preSolution
		Debug|Any CPU = Debug|Any CPU
		Debug|x64 = Debug|x64
		Debug|x86 = Debug|x86
		Local|Any CPU = Local|Any CPU
		Local|x64 = Local|x64
		Local|x86 = Local|x86
		Release|Any CPU = Release|Any CPU
		Release|x64 = Release|x64
		Release|x86 = Release|x86
	EndGlobalSection
	GlobalSection(ProjectConfigurationPlatforms) = postSolution
		{7A9D652F-DC18-45FD-8964-DBAAD6384C3D}.Debug|Any CPU.ActiveCfg = Debug|Any CPU
		{7A9D652F-DC18-45FD-8964-DBAAD6384C3D}.Debug|Any CPU.Build.0 = Debug|Any CPU
		{7A9D652F-DC18-45FD-8964-DBAAD6384C3D}.Debug|x64.ActiveCfg = Debug|Any CPU
		{7A9D652F-DC18-45FD-8964-DBAAD6384C3D}.Debug|x86.ActiveCfg = Debug|Any CPU
		{7A9D652F-DC18-45FD-8964-DBAAD6384C3D}.Local|Any CPU.ActiveCfg = Local|Any CPU
		{7A9D652F-DC18-45FD-8964-DBAAD6384C3D}.Local|Any CPU.Build.0 = Local|Any CPU
		{7A9D652F-DC18-45FD-8964-DBAAD6384C3D}.Local|x64.ActiveCfg = Release|Any CPU
		{7A9D652F-DC18-45FD-8964-DBAAD6384C3D}.Local|x86.ActiveCfg = Release|Any CPU
		{7A9D652F-DC18-45FD-8964-DBAAD6384C3D}.Release|Any CPU.ActiveCfg = Release|Any CPU
		{7A9D652F-DC18-45FD-8964-DBAAD6384C3D}.Release|Any CPU.Build.0 = Release|Any CPU
		{7A9D652F-DC18-45FD-8964-DBAAD6384C3D}.Release|x64.ActiveCfg = Release|Any CPU
		{7A9D652F-DC18-45FD-8964-DBAAD6384C3D}.Release|x86.ActiveCfg = Release|Any CPU
		{C362DF2F-1336-4932-AADC-4F2074FEDB64}.Debug|Any CPU.ActiveCfg = Debug|Any CPU
		{C362DF2F-1336-4932-AADC-4F2074FEDB64}.Debug|Any CPU.Build.0 = Debug|Any CPU
		{C362DF2F-1336-4932-AADC-4F2074FEDB64}.Debug|x64.ActiveCfg = Debug|Any CPU
		{C362DF2F-1336-4932-AADC-4F2074FEDB64}.Debug|x86.ActiveCfg = Debug|Any CPU
		{C362DF2F-1336-4932-AADC-4F2074FEDB64}.Local|Any CPU.ActiveCfg = Local|Any CPU
		{C362DF2F-1336-4932-AADC-4F2074FEDB64}.Local|Any CPU.Build.0 = Local|Any CPU
		{C362DF2F-1336-4932-AADC-4F2074FEDB64}.Local|x64.ActiveCfg = Local|Any CPU
		{C362DF2F-1336-4932-AADC-4F2074FEDB64}.Local|x86.ActiveCfg = Local|Any CPU
		{C362DF2F-1336-4932-AADC-4F2074FEDB64}.Release|Any CPU.ActiveCfg = Release|Any CPU
		{C362DF2F-1336-4932-AADC-4F2074FEDB64}.Release|Any CPU.Build.0 = Release|Any CPU
		{C362DF2F-1336-4932-AADC-4F2074FEDB64}.Release|x64.ActiveCfg = Release|Any CPU
		{C362DF2F-1336-4932-AADC-4F2074FEDB64}.Release|x86.ActiveCfg = Release|Any CPU
		{5D7EFFCB-0012-4C95-AB57-64BA9D51D378}.Debug|Any CPU.ActiveCfg = Debug|Any CPU
		{5D7EFFCB-0012-4C95-AB57-64BA9D51D378}.Debug|Any CPU.Build.0 = Debug|Any CPU
		{5D7EFFCB-0012-4C95-AB57-64BA9D51D378}.Debug|x64.ActiveCfg = Debug|Any CPU
		{5D7EFFCB-0012-4C95-AB57-64BA9D51D378}.Debug|x64.Build.0 = Debug|Any CPU
		{5D7EFFCB-0012-4C95-AB57-64BA9D51D378}.Debug|x86.ActiveCfg = Debug|Any CPU
		{5D7EFFCB-0012-4C95-AB57-64BA9D51D378}.Debug|x86.Build.0 = Debug|Any CPU
		{5D7EFFCB-0012-4C95-AB57-64BA9D51D378}.Local|Any CPU.ActiveCfg = Release|Any CPU
		{5D7EFFCB-0012-4C95-AB57-64BA9D51D378}.Local|Any CPU.Build.0 = Release|Any CPU
		{5D7EFFCB-0012-4C95-AB57-64BA9D51D378}.Local|x64.ActiveCfg = Release|Any CPU
		{5D7EFFCB-0012-4C95-AB57-64BA9D51D378}.Local|x64.Build.0 = Release|Any CPU
		{5D7EFFCB-0012-4C95-AB57-64BA9D51D378}.Local|x86.ActiveCfg = Release|Any CPU
		{5D7EFFCB-0012-4C95-AB57-64BA9D51D378}.Local|x86.Build.0 = Release|Any CPU
		{5D7EFFCB-0012-4C95-AB57-64BA9D51D378}.Release|Any CPU.ActiveCfg = Release|Any CPU
		{5D7EFFCB-0012-4C95-AB57-64BA9D51D378}.Release|Any CPU.Build.0 = Release|Any CPU
		{5D7EFFCB-0012-4C95-AB57-64BA9D51D378}.Release|x64.ActiveCfg = Release|Any CPU
		{5D7EFFCB-0012-4C95-AB57-64BA9D51D378}.Release|x64.Build.0 = Release|Any CPU
		{5D7EFFCB-0012-4C95-AB57-64BA9D51D378}.Release|x86.ActiveCfg = Release|Any CPU
		{5D7EFFCB-0012-4C95-AB57-64BA9D51D378}.Release|x86.Build.0 = Release|Any CPU
		{C3C335C8-2093-4535-812A-B437965D28EB}.Debug|Any CPU.ActiveCfg = Debug|Any CPU
		{C3C335C8-2093-4535-812A-B437965D28EB}.Debug|Any CPU.Build.0 = Debug|Any CPU
		{C3C335C8-2093-4535-812A-B437965D28EB}.Debug|x64.ActiveCfg = Debug|Any CPU
		{C3C335C8-2093-4535-812A-B437965D28EB}.Debug|x64.Build.0 = Debug|Any CPU
		{C3C335C8-2093-4535-812A-B437965D28EB}.Debug|x86.ActiveCfg = Debug|Any CPU
		{C3C335C8-2093-4535-812A-B437965D28EB}.Debug|x86.Build.0 = Debug|Any CPU
		{C3C335C8-2093-4535-812A-B437965D28EB}.Local|Any CPU.ActiveCfg = Release|Any CPU
		{C3C335C8-2093-4535-812A-B437965D28EB}.Local|Any CPU.Build.0 = Release|Any CPU
		{C3C335C8-2093-4535-812A-B437965D28EB}.Local|x64.ActiveCfg = Release|Any CPU
		{C3C335C8-2093-4535-812A-B437965D28EB}.Local|x64.Build.0 = Release|Any CPU
		{C3C335C8-2093-4535-812A-B437965D28EB}.Local|x86.ActiveCfg = Release|Any CPU
		{C3C335C8-2093-4535-812A-B437965D28EB}.Local|x86.Build.0 = Release|Any CPU
		{C3C335C8-2093-4535-812A-B437965D28EB}.Release|Any CPU.ActiveCfg = Release|Any CPU
		{C3C335C8-2093-4535-812A-B437965D28EB}.Release|Any CPU.Build.0 = Release|Any CPU
		{C3C335C8-2093-4535-812A-B437965D28EB}.Release|x64.ActiveCfg = Release|Any CPU
		{C3C335C8-2093-4535-812A-B437965D28EB}.Release|x64.Build.0 = Release|Any CPU
		{C3C335C8-2093-4535-812A-B437965D28EB}.Release|x86.ActiveCfg = Release|Any CPU
		{C3C335C8-2093-4535-812A-B437965D28EB}.Release|x86.Build.0 = Release|Any CPU
		{6D02A4EC-CFDD-4F20-A76F-BF9ADD9586F0}.Debug|Any CPU.ActiveCfg = Debug|Any CPU
		{6D02A4EC-CFDD-4F20-A76F-BF9ADD9586F0}.Debug|Any CPU.Build.0 = Debug|Any CPU
		{6D02A4EC-CFDD-4F20-A76F-BF9ADD9586F0}.Debug|x64.ActiveCfg = Debug|Any CPU
		{6D02A4EC-CFDD-4F20-A76F-BF9ADD9586F0}.Debug|x64.Build.0 = Debug|Any CPU
		{6D02A4EC-CFDD-4F20-A76F-BF9ADD9586F0}.Debug|x86.ActiveCfg = Debug|Any CPU
		{6D02A4EC-CFDD-4F20-A76F-BF9ADD9586F0}.Debug|x86.Build.0 = Debug|Any CPU
		{6D02A4EC-CFDD-4F20-A76F-BF9ADD9586F0}.Local|Any CPU.ActiveCfg = Release|Any CPU
		{6D02A4EC-CFDD-4F20-A76F-BF9ADD9586F0}.Local|Any CPU.Build.0 = Release|Any CPU
		{6D02A4EC-CFDD-4F20-A76F-BF9ADD9586F0}.Local|x64.ActiveCfg = Release|Any CPU
		{6D02A4EC-CFDD-4F20-A76F-BF9ADD9586F0}.Local|x64.Build.0 = Release|Any CPU
		{6D02A4EC-CFDD-4F20-A76F-BF9ADD9586F0}.Local|x86.ActiveCfg = Release|Any CPU
		{6D02A4EC-CFDD-4F20-A76F-BF9ADD9586F0}.Local|x86.Build.0 = Release|Any CPU
		{6D02A4EC-CFDD-4F20-A76F-BF9ADD9586F0}.Release|Any CPU.ActiveCfg = Release|Any CPU
		{6D02A4EC-CFDD-4F20-A76F-BF9ADD9586F0}.Release|Any CPU.Build.0 = Release|Any CPU
		{6D02A4EC-CFDD-4F20-A76F-BF9ADD9586F0}.Release|x64.ActiveCfg = Release|Any CPU
		{6D02A4EC-CFDD-4F20-A76F-BF9ADD9586F0}.Release|x64.Build.0 = Release|Any CPU
		{6D02A4EC-CFDD-4F20-A76F-BF9ADD9586F0}.Release|x86.ActiveCfg = Release|Any CPU
		{6D02A4EC-CFDD-4F20-A76F-BF9ADD9586F0}.Release|x86.Build.0 = Release|Any CPU
		{986270D2-6F5F-48A7-972E-93E13ABC2907}.Debug|Any CPU.ActiveCfg = Debug|Any CPU
		{986270D2-6F5F-48A7-972E-93E13ABC2907}.Debug|Any CPU.Build.0 = Debug|Any CPU
		{986270D2-6F5F-48A7-972E-93E13ABC2907}.Debug|x64.ActiveCfg = Debug|Any CPU
		{986270D2-6F5F-48A7-972E-93E13ABC2907}.Debug|x64.Build.0 = Debug|Any CPU
		{986270D2-6F5F-48A7-972E-93E13ABC2907}.Debug|x86.ActiveCfg = Debug|Any CPU
		{986270D2-6F5F-48A7-972E-93E13ABC2907}.Debug|x86.Build.0 = Debug|Any CPU
		{986270D2-6F5F-48A7-972E-93E13ABC2907}.Local|Any CPU.ActiveCfg = Debug|Any CPU
		{986270D2-6F5F-48A7-972E-93E13ABC2907}.Local|Any CPU.Build.0 = Debug|Any CPU
		{986270D2-6F5F-48A7-972E-93E13ABC2907}.Local|x64.ActiveCfg = Release|Any CPU
		{986270D2-6F5F-48A7-972E-93E13ABC2907}.Local|x64.Build.0 = Release|Any CPU
		{986270D2-6F5F-48A7-972E-93E13ABC2907}.Local|x86.ActiveCfg = Release|Any CPU
		{986270D2-6F5F-48A7-972E-93E13ABC2907}.Local|x86.Build.0 = Release|Any CPU
		{986270D2-6F5F-48A7-972E-93E13ABC2907}.Release|Any CPU.ActiveCfg = Release|Any CPU
		{986270D2-6F5F-48A7-972E-93E13ABC2907}.Release|Any CPU.Build.0 = Release|Any CPU
		{986270D2-6F5F-48A7-972E-93E13ABC2907}.Release|x64.ActiveCfg = Release|Any CPU
		{986270D2-6F5F-48A7-972E-93E13ABC2907}.Release|x64.Build.0 = Release|Any CPU
		{986270D2-6F5F-48A7-972E-93E13ABC2907}.Release|x86.ActiveCfg = Release|Any CPU
		{986270D2-6F5F-48A7-972E-93E13ABC2907}.Release|x86.Build.0 = Release|Any CPU
		{8888CBB9-7175-4E25-BEB9-A2A7E095D278}.Debug|Any CPU.ActiveCfg = Debug|Any CPU
		{8888CBB9-7175-4E25-BEB9-A2A7E095D278}.Debug|Any CPU.Build.0 = Debug|Any CPU
		{8888CBB9-7175-4E25-BEB9-A2A7E095D278}.Debug|x64.ActiveCfg = Debug|Any CPU
		{8888CBB9-7175-4E25-BEB9-A2A7E095D278}.Debug|x64.Build.0 = Debug|Any CPU
		{8888CBB9-7175-4E25-BEB9-A2A7E095D278}.Debug|x86.ActiveCfg = Debug|Any CPU
		{8888CBB9-7175-4E25-BEB9-A2A7E095D278}.Debug|x86.Build.0 = Debug|Any CPU
		{8888CBB9-7175-4E25-BEB9-A2A7E095D278}.Local|Any CPU.ActiveCfg = Release|Any CPU
		{8888CBB9-7175-4E25-BEB9-A2A7E095D278}.Local|Any CPU.Build.0 = Release|Any CPU
		{8888CBB9-7175-4E25-BEB9-A2A7E095D278}.Local|x64.ActiveCfg = Release|Any CPU
		{8888CBB9-7175-4E25-BEB9-A2A7E095D278}.Local|x64.Build.0 = Release|Any CPU
		{8888CBB9-7175-4E25-BEB9-A2A7E095D278}.Local|x86.ActiveCfg = Release|Any CPU
		{8888CBB9-7175-4E25-BEB9-A2A7E095D278}.Local|x86.Build.0 = Release|Any CPU
		{8888CBB9-7175-4E25-BEB9-A2A7E095D278}.Release|Any CPU.ActiveCfg = Release|Any CPU
		{8888CBB9-7175-4E25-BEB9-A2A7E095D278}.Release|Any CPU.Build.0 = Release|Any CPU
		{8888CBB9-7175-4E25-BEB9-A2A7E095D278}.Release|x64.ActiveCfg = Release|Any CPU
		{8888CBB9-7175-4E25-BEB9-A2A7E095D278}.Release|x64.Build.0 = Release|Any CPU
		{8888CBB9-7175-4E25-BEB9-A2A7E095D278}.Release|x86.ActiveCfg = Release|Any CPU
		{8888CBB9-7175-4E25-BEB9-A2A7E095D278}.Release|x86.Build.0 = Release|Any CPU
		{B62C91D0-5D32-45FB-A0C5-E551C6C2379E}.Debug|Any CPU.ActiveCfg = Debug|Any CPU
		{B62C91D0-5D32-45FB-A0C5-E551C6C2379E}.Debug|Any CPU.Build.0 = Debug|Any CPU
		{B62C91D0-5D32-45FB-A0C5-E551C6C2379E}.Debug|x64.ActiveCfg = Debug|Any CPU
		{B62C91D0-5D32-45FB-A0C5-E551C6C2379E}.Debug|x64.Build.0 = Debug|Any CPU
		{B62C91D0-5D32-45FB-A0C5-E551C6C2379E}.Debug|x86.ActiveCfg = Debug|Any CPU
		{B62C91D0-5D32-45FB-A0C5-E551C6C2379E}.Debug|x86.Build.0 = Debug|Any CPU
		{B62C91D0-5D32-45FB-A0C5-E551C6C2379E}.Local|Any CPU.ActiveCfg = Release|Any CPU
		{B62C91D0-5D32-45FB-A0C5-E551C6C2379E}.Local|Any CPU.Build.0 = Release|Any CPU
		{B62C91D0-5D32-45FB-A0C5-E551C6C2379E}.Local|x64.ActiveCfg = Release|Any CPU
		{B62C91D0-5D32-45FB-A0C5-E551C6C2379E}.Local|x64.Build.0 = Release|Any CPU
		{B62C91D0-5D32-45FB-A0C5-E551C6C2379E}.Local|x86.ActiveCfg = Release|Any CPU
		{B62C91D0-5D32-45FB-A0C5-E551C6C2379E}.Local|x86.Build.0 = Release|Any CPU
		{B62C91D0-5D32-45FB-A0C5-E551C6C2379E}.Release|Any CPU.ActiveCfg = Release|Any CPU
		{B62C91D0-5D32-45FB-A0C5-E551C6C2379E}.Release|Any CPU.Build.0 = Release|Any CPU
		{B62C91D0-5D32-45FB-A0C5-E551C6C2379E}.Release|x64.ActiveCfg = Release|Any CPU
		{B62C91D0-5D32-45FB-A0C5-E551C6C2379E}.Release|x64.Build.0 = Release|Any CPU
		{B62C91D0-5D32-45FB-A0C5-E551C6C2379E}.Release|x86.ActiveCfg = Release|Any CPU
		{B62C91D0-5D32-45FB-A0C5-E551C6C2379E}.Release|x86.Build.0 = Release|Any CPU
		{F9952931-A2FA-4CC7-9F18-35E711421213}.Debug|Any CPU.ActiveCfg = Debug|Any CPU
		{F9952931-A2FA-4CC7-9F18-35E711421213}.Debug|Any CPU.Build.0 = Debug|Any CPU
		{F9952931-A2FA-4CC7-9F18-35E711421213}.Debug|x64.ActiveCfg = Debug|Any CPU
		{F9952931-A2FA-4CC7-9F18-35E711421213}.Debug|x64.Build.0 = Debug|Any CPU
		{F9952931-A2FA-4CC7-9F18-35E711421213}.Debug|x86.ActiveCfg = Debug|Any CPU
		{F9952931-A2FA-4CC7-9F18-35E711421213}.Debug|x86.Build.0 = Debug|Any CPU
		{F9952931-A2FA-4CC7-9F18-35E711421213}.Local|Any CPU.ActiveCfg = Release|Any CPU
		{F9952931-A2FA-4CC7-9F18-35E711421213}.Local|Any CPU.Build.0 = Release|Any CPU
		{F9952931-A2FA-4CC7-9F18-35E711421213}.Local|x64.ActiveCfg = Release|Any CPU
		{F9952931-A2FA-4CC7-9F18-35E711421213}.Local|x64.Build.0 = Release|Any CPU
		{F9952931-A2FA-4CC7-9F18-35E711421213}.Local|x86.ActiveCfg = Release|Any CPU
		{F9952931-A2FA-4CC7-9F18-35E711421213}.Local|x86.Build.0 = Release|Any CPU
		{F9952931-A2FA-4CC7-9F18-35E711421213}.Release|Any CPU.ActiveCfg = Release|Any CPU
		{F9952931-A2FA-4CC7-9F18-35E711421213}.Release|Any CPU.Build.0 = Release|Any CPU
		{F9952931-A2FA-4CC7-9F18-35E711421213}.Release|x64.ActiveCfg = Release|Any CPU
		{F9952931-A2FA-4CC7-9F18-35E711421213}.Release|x64.Build.0 = Release|Any CPU
		{F9952931-A2FA-4CC7-9F18-35E711421213}.Release|x86.ActiveCfg = Release|Any CPU
		{F9952931-A2FA-4CC7-9F18-35E711421213}.Release|x86.Build.0 = Release|Any CPU
		{544CA763-5455-453F-A015-12AC805F092A}.Debug|Any CPU.ActiveCfg = Debug|Any CPU
		{544CA763-5455-453F-A015-12AC805F092A}.Debug|Any CPU.Build.0 = Debug|Any CPU
		{544CA763-5455-453F-A015-12AC805F092A}.Debug|x64.ActiveCfg = Debug|Any CPU
		{544CA763-5455-453F-A015-12AC805F092A}.Debug|x64.Build.0 = Debug|Any CPU
		{544CA763-5455-453F-A015-12AC805F092A}.Debug|x86.ActiveCfg = Debug|Any CPU
		{544CA763-5455-453F-A015-12AC805F092A}.Debug|x86.Build.0 = Debug|Any CPU
		{544CA763-5455-453F-A015-12AC805F092A}.Local|Any CPU.ActiveCfg = Release|Any CPU
		{544CA763-5455-453F-A015-12AC805F092A}.Local|Any CPU.Build.0 = Release|Any CPU
		{544CA763-5455-453F-A015-12AC805F092A}.Local|x64.ActiveCfg = Release|Any CPU
		{544CA763-5455-453F-A015-12AC805F092A}.Local|x64.Build.0 = Release|Any CPU
		{544CA763-5455-453F-A015-12AC805F092A}.Local|x86.ActiveCfg = Release|Any CPU
		{544CA763-5455-453F-A015-12AC805F092A}.Local|x86.Build.0 = Release|Any CPU
		{544CA763-5455-453F-A015-12AC805F092A}.Release|Any CPU.ActiveCfg = Release|Any CPU
		{544CA763-5455-453F-A015-12AC805F092A}.Release|Any CPU.Build.0 = Release|Any CPU
		{544CA763-5455-453F-A015-12AC805F092A}.Release|x64.ActiveCfg = Release|Any CPU
		{544CA763-5455-453F-A015-12AC805F092A}.Release|x64.Build.0 = Release|Any CPU
		{544CA763-5455-453F-A015-12AC805F092A}.Release|x86.ActiveCfg = Release|Any CPU
		{544CA763-5455-453F-A015-12AC805F092A}.Release|x86.Build.0 = Release|Any CPU
		{5D5645F1-4631-4407-9D46-622783F27FDC}.Debug|Any CPU.ActiveCfg = Debug|Any CPU
		{5D5645F1-4631-4407-9D46-622783F27FDC}.Debug|Any CPU.Build.0 = Debug|Any CPU
		{5D5645F1-4631-4407-9D46-622783F27FDC}.Debug|x64.ActiveCfg = Debug|Any CPU
		{5D5645F1-4631-4407-9D46-622783F27FDC}.Debug|x64.Build.0 = Debug|Any CPU
		{5D5645F1-4631-4407-9D46-622783F27FDC}.Debug|x86.ActiveCfg = Debug|Any CPU
		{5D5645F1-4631-4407-9D46-622783F27FDC}.Debug|x86.Build.0 = Debug|Any CPU
		{5D5645F1-4631-4407-9D46-622783F27FDC}.Local|Any CPU.ActiveCfg = Release|Any CPU
		{5D5645F1-4631-4407-9D46-622783F27FDC}.Local|Any CPU.Build.0 = Release|Any CPU
		{5D5645F1-4631-4407-9D46-622783F27FDC}.Local|x64.ActiveCfg = Release|Any CPU
		{5D5645F1-4631-4407-9D46-622783F27FDC}.Local|x64.Build.0 = Release|Any CPU
		{5D5645F1-4631-4407-9D46-622783F27FDC}.Local|x86.ActiveCfg = Release|Any CPU
		{5D5645F1-4631-4407-9D46-622783F27FDC}.Local|x86.Build.0 = Release|Any CPU
		{5D5645F1-4631-4407-9D46-622783F27FDC}.Release|Any CPU.ActiveCfg = Release|Any CPU
		{5D5645F1-4631-4407-9D46-622783F27FDC}.Release|Any CPU.Build.0 = Release|Any CPU
		{5D5645F1-4631-4407-9D46-622783F27FDC}.Release|x64.ActiveCfg = Release|Any CPU
		{5D5645F1-4631-4407-9D46-622783F27FDC}.Release|x64.Build.0 = Release|Any CPU
		{5D5645F1-4631-4407-9D46-622783F27FDC}.Release|x86.ActiveCfg = Release|Any CPU
		{5D5645F1-4631-4407-9D46-622783F27FDC}.Release|x86.Build.0 = Release|Any CPU
	EndGlobalSection
	GlobalSection(SolutionProperties) = preSolution
		HideSolutionNode = FALSE
	EndGlobalSection
	GlobalSection(MonoDevelopProperties) = preSolution
		StartupItem = Rocket.Core\Rocket.Core.csproj
	EndGlobalSection
EndGlobal
