
Microsoft Visual Studio Solution File, Format Version 12.00
# Visual Studio 15
VisualStudioVersion = 15.0.27130.2027
MinimumVisualStudioVersion = 10.0.40219.1
Project("{9A19103F-16F7-4668-BE54-9A1E7A4F7556}") = "Rocket.Runtime", "Rocket.Runtime\Rocket.Runtime.csproj", "{5D260F94-BB23-4397-94DF-BA4AF0CD8BCB}"
EndProject
Project("{FAE04EC0-301F-11D3-BF4B-00C04F79EFBC}") = "Rocket.Tests", "Rocket.Tests\Rocket.Tests.csproj", "{BE1381DE-6771-4F2E-8F31-8949EDC6CFC1}"
EndProject
Project("{9A19103F-16F7-4668-BE54-9A1E7A4F7556}") = "Rocket.Core", "Rocket.Core\Rocket.Core.csproj", "{BBDBF33A-40B7-41DD-9957-7740E65B5027}"
EndProject
Project("{9A19103F-16F7-4668-BE54-9A1E7A4F7556}") = "Rocket.API", "Rocket.API\Rocket.API.csproj", "{01764DBE-B6FA-4C8F-9690-ADBD67EDBD3A}"
EndProject
Project("{9A19103F-16F7-4668-BE54-9A1E7A4F7556}") = "Rocket.Console", "Rocket.Console\Rocket.Console.csproj", "{2F305F61-A5EA-43BB-906E-5F61EAB9E5C3}"
EndProject
Project("{FAE04EC0-301F-11D3-BF4B-00C04F79EFBC}") = "Rocket.NuGet", "Rocket.NuGet\Rocket.NuGet.csproj", "{5A4ACB33-A65E-4338-B88A-3A5296F651AE}"
EndProject
Global
	GlobalSection(SolutionConfigurationPlatforms) = preSolution
		Debug|Any CPU = Debug|Any CPU
		Release|Any CPU = Release|Any CPU
	EndGlobalSection
	GlobalSection(ProjectConfigurationPlatforms) = postSolution
		{5D260F94-BB23-4397-94DF-BA4AF0CD8BCB}.Debug|Any CPU.ActiveCfg = Debug|Any CPU
		{5D260F94-BB23-4397-94DF-BA4AF0CD8BCB}.Debug|Any CPU.Build.0 = Debug|Any CPU
		{5D260F94-BB23-4397-94DF-BA4AF0CD8BCB}.Release|Any CPU.ActiveCfg = Release|Any CPU
		{5D260F94-BB23-4397-94DF-BA4AF0CD8BCB}.Release|Any CPU.Build.0 = Release|Any CPU
		{BE1381DE-6771-4F2E-8F31-8949EDC6CFC1}.Debug|Any CPU.ActiveCfg = Debug|Any CPU
		{BE1381DE-6771-4F2E-8F31-8949EDC6CFC1}.Debug|Any CPU.Build.0 = Debug|Any CPU
		{BE1381DE-6771-4F2E-8F31-8949EDC6CFC1}.Release|Any CPU.ActiveCfg = Release|Any CPU
		{BE1381DE-6771-4F2E-8F31-8949EDC6CFC1}.Release|Any CPU.Build.0 = Release|Any CPU
		{BBDBF33A-40B7-41DD-9957-7740E65B5027}.Debug|Any CPU.ActiveCfg = Debug|Any CPU
		{BBDBF33A-40B7-41DD-9957-7740E65B5027}.Debug|Any CPU.Build.0 = Debug|Any CPU
		{BBDBF33A-40B7-41DD-9957-7740E65B5027}.Release|Any CPU.ActiveCfg = Release|Any CPU
		{BBDBF33A-40B7-41DD-9957-7740E65B5027}.Release|Any CPU.Build.0 = Release|Any CPU
		{01764DBE-B6FA-4C8F-9690-ADBD67EDBD3A}.Debug|Any CPU.ActiveCfg = Debug|Any CPU
		{01764DBE-B6FA-4C8F-9690-ADBD67EDBD3A}.Debug|Any CPU.Build.0 = Debug|Any CPU
		{01764DBE-B6FA-4C8F-9690-ADBD67EDBD3A}.Release|Any CPU.ActiveCfg = Release|Any CPU
		{01764DBE-B6FA-4C8F-9690-ADBD67EDBD3A}.Release|Any CPU.Build.0 = Release|Any CPU
		{2F305F61-A5EA-43BB-906E-5F61EAB9E5C3}.Debug|Any CPU.ActiveCfg = Debug|Any CPU
		{2F305F61-A5EA-43BB-906E-5F61EAB9E5C3}.Debug|Any CPU.Build.0 = Debug|Any CPU
		{2F305F61-A5EA-43BB-906E-5F61EAB9E5C3}.Release|Any CPU.ActiveCfg = Release|Any CPU
		{2F305F61-A5EA-43BB-906E-5F61EAB9E5C3}.Release|Any CPU.Build.0 = Release|Any CPU
		{5A4ACB33-A65E-4338-B88A-3A5296F651AE}.Debug|Any CPU.ActiveCfg = Debug|Any CPU
		{5A4ACB33-A65E-4338-B88A-3A5296F651AE}.Debug|Any CPU.Build.0 = Debug|Any CPU
		{5A4ACB33-A65E-4338-B88A-3A5296F651AE}.Release|Any CPU.ActiveCfg = Release|Any CPU
		{5A4ACB33-A65E-4338-B88A-3A5296F651AE}.Release|Any CPU.Build.0 = Release|Any CPU
	EndGlobalSection
	GlobalSection(SolutionProperties) = preSolution
		HideSolutionNode = FALSE
	EndGlobalSection
	GlobalSection(ExtensibilityGlobals) = postSolution
		SolutionGuid = {44CEEF5D-7AE2-4DF9-91E1-E4B4B0C9EAC1}
		EnterpriseLibraryConfigurationToolBinariesPath = packages\Unity.2.1.505.2\lib\NET35
	EndGlobalSection
EndGlobal
