
Microsoft Visual Studio Solution File, Format Version 12.00
# Visual Studio 15
VisualStudioVersion = 15.0.27130.2027
MinimumVisualStudioVersion = 10.0.40219.1
Project("{FAE04EC0-301F-11D3-BF4B-00C04F79EFBC}") = "Rocket.Runtime", "Rocket.Runtime\Rocket.Runtime.csproj", "{5D260F94-BB23-4397-94DF-BA4AF0CD8BCB}"
EndProject
Project("{FAE04EC0-301F-11D3-BF4B-00C04F79EFBC}") = "Rocket.API", "Rocket.API\Rocket.API.csproj", "{DA356ABB-AA77-4B22-9AB1-34A30CF4048A}"
EndProject
Project("{FAE04EC0-301F-11D3-BF4B-00C04F79EFBC}") = "Rocket.Compatibility", "Rocket.Compatibility\Rocket.Compatibility.csproj", "{01263B0D-9CE3-4D5A-AFCB-165592EF24B5}"
EndProject
Project("{FAE04EC0-301F-11D3-BF4B-00C04F79EFBC}") = "Rocket.Core", "Rocket.Core\Rocket.Core.csproj", "{A7056AB1-C5F5-493B-8E47-DC42DE69961D}"
EndProject
Project("{FAE04EC0-301F-11D3-BF4B-00C04F79EFBC}") = "Rocket.Tests", "Rocket.Tests\Rocket.Tests.csproj", "{BE1381DE-6771-4F2E-8F31-8949EDC6CFC1}"
EndProject
Project("{FAE04EC0-301F-11D3-BF4B-00C04F79EFBC}") = "Rocket.Console", "Rocket.Console\Rocket.Console.csproj", "{2C208038-27DA-4F7B-AA8C-276BB2531E1E}"
EndProject
Global
	GlobalSection(SolutionConfigurationPlatforms) = preSolution
		Debug|Any CPU = Debug|Any CPU
		Debug|x64 = Debug|x64
		Debug|x86 = Debug|x86
		Release|Any CPU = Release|Any CPU
		Release|x64 = Release|x64
		Release|x86 = Release|x86
	EndGlobalSection
	GlobalSection(ProjectConfigurationPlatforms) = postSolution
		{5D260F94-BB23-4397-94DF-BA4AF0CD8BCB}.Debug|Any CPU.ActiveCfg = Debug|Any CPU
		{5D260F94-BB23-4397-94DF-BA4AF0CD8BCB}.Debug|Any CPU.Build.0 = Debug|Any CPU
		{5D260F94-BB23-4397-94DF-BA4AF0CD8BCB}.Debug|x64.ActiveCfg = Debug|Any CPU
		{5D260F94-BB23-4397-94DF-BA4AF0CD8BCB}.Debug|x64.Build.0 = Debug|Any CPU
		{5D260F94-BB23-4397-94DF-BA4AF0CD8BCB}.Debug|x86.ActiveCfg = Debug|Any CPU
		{5D260F94-BB23-4397-94DF-BA4AF0CD8BCB}.Debug|x86.Build.0 = Debug|Any CPU
		{5D260F94-BB23-4397-94DF-BA4AF0CD8BCB}.Release|Any CPU.ActiveCfg = Release|Any CPU
		{5D260F94-BB23-4397-94DF-BA4AF0CD8BCB}.Release|Any CPU.Build.0 = Release|Any CPU
		{5D260F94-BB23-4397-94DF-BA4AF0CD8BCB}.Release|x64.ActiveCfg = Release|Any CPU
		{5D260F94-BB23-4397-94DF-BA4AF0CD8BCB}.Release|x64.Build.0 = Release|Any CPU
		{5D260F94-BB23-4397-94DF-BA4AF0CD8BCB}.Release|x86.ActiveCfg = Release|Any CPU
		{5D260F94-BB23-4397-94DF-BA4AF0CD8BCB}.Release|x86.Build.0 = Release|Any CPU
		{DA356ABB-AA77-4B22-9AB1-34A30CF4048A}.Debug|Any CPU.ActiveCfg = Debug|Any CPU
		{DA356ABB-AA77-4B22-9AB1-34A30CF4048A}.Debug|Any CPU.Build.0 = Debug|Any CPU
		{DA356ABB-AA77-4B22-9AB1-34A30CF4048A}.Debug|x64.ActiveCfg = Debug|Any CPU
		{DA356ABB-AA77-4B22-9AB1-34A30CF4048A}.Debug|x64.Build.0 = Debug|Any CPU
		{DA356ABB-AA77-4B22-9AB1-34A30CF4048A}.Debug|x86.ActiveCfg = Debug|Any CPU
		{DA356ABB-AA77-4B22-9AB1-34A30CF4048A}.Debug|x86.Build.0 = Debug|Any CPU
		{DA356ABB-AA77-4B22-9AB1-34A30CF4048A}.Release|Any CPU.ActiveCfg = Release|Any CPU
		{DA356ABB-AA77-4B22-9AB1-34A30CF4048A}.Release|Any CPU.Build.0 = Release|Any CPU
		{DA356ABB-AA77-4B22-9AB1-34A30CF4048A}.Release|x64.ActiveCfg = Release|Any CPU
		{DA356ABB-AA77-4B22-9AB1-34A30CF4048A}.Release|x64.Build.0 = Release|Any CPU
		{DA356ABB-AA77-4B22-9AB1-34A30CF4048A}.Release|x86.ActiveCfg = Release|Any CPU
		{DA356ABB-AA77-4B22-9AB1-34A30CF4048A}.Release|x86.Build.0 = Release|Any CPU
		{01263B0D-9CE3-4D5A-AFCB-165592EF24B5}.Debug|Any CPU.ActiveCfg = Debug|Any CPU
		{01263B0D-9CE3-4D5A-AFCB-165592EF24B5}.Debug|Any CPU.Build.0 = Debug|Any CPU
		{01263B0D-9CE3-4D5A-AFCB-165592EF24B5}.Debug|x64.ActiveCfg = Debug|Any CPU
		{01263B0D-9CE3-4D5A-AFCB-165592EF24B5}.Debug|x64.Build.0 = Debug|Any CPU
		{01263B0D-9CE3-4D5A-AFCB-165592EF24B5}.Debug|x86.ActiveCfg = Debug|Any CPU
		{01263B0D-9CE3-4D5A-AFCB-165592EF24B5}.Debug|x86.Build.0 = Debug|Any CPU
		{01263B0D-9CE3-4D5A-AFCB-165592EF24B5}.Release|Any CPU.ActiveCfg = Release|Any CPU
		{01263B0D-9CE3-4D5A-AFCB-165592EF24B5}.Release|Any CPU.Build.0 = Release|Any CPU
		{01263B0D-9CE3-4D5A-AFCB-165592EF24B5}.Release|x64.ActiveCfg = Release|Any CPU
		{01263B0D-9CE3-4D5A-AFCB-165592EF24B5}.Release|x64.Build.0 = Release|Any CPU
		{01263B0D-9CE3-4D5A-AFCB-165592EF24B5}.Release|x86.ActiveCfg = Release|Any CPU
		{01263B0D-9CE3-4D5A-AFCB-165592EF24B5}.Release|x86.Build.0 = Release|Any CPU
		{A7056AB1-C5F5-493B-8E47-DC42DE69961D}.Debug|Any CPU.ActiveCfg = Debug|Any CPU
		{A7056AB1-C5F5-493B-8E47-DC42DE69961D}.Debug|Any CPU.Build.0 = Debug|Any CPU
		{A7056AB1-C5F5-493B-8E47-DC42DE69961D}.Debug|x64.ActiveCfg = Debug|Any CPU
		{A7056AB1-C5F5-493B-8E47-DC42DE69961D}.Debug|x64.Build.0 = Debug|Any CPU
		{A7056AB1-C5F5-493B-8E47-DC42DE69961D}.Debug|x86.ActiveCfg = Debug|Any CPU
		{A7056AB1-C5F5-493B-8E47-DC42DE69961D}.Debug|x86.Build.0 = Debug|Any CPU
		{A7056AB1-C5F5-493B-8E47-DC42DE69961D}.Release|Any CPU.ActiveCfg = Release|Any CPU
		{A7056AB1-C5F5-493B-8E47-DC42DE69961D}.Release|Any CPU.Build.0 = Release|Any CPU
		{A7056AB1-C5F5-493B-8E47-DC42DE69961D}.Release|x64.ActiveCfg = Release|Any CPU
		{A7056AB1-C5F5-493B-8E47-DC42DE69961D}.Release|x64.Build.0 = Release|Any CPU
		{A7056AB1-C5F5-493B-8E47-DC42DE69961D}.Release|x86.ActiveCfg = Release|Any CPU
		{A7056AB1-C5F5-493B-8E47-DC42DE69961D}.Release|x86.Build.0 = Release|Any CPU
		{BE1381DE-6771-4F2E-8F31-8949EDC6CFC1}.Debug|Any CPU.ActiveCfg = Debug|Any CPU
		{BE1381DE-6771-4F2E-8F31-8949EDC6CFC1}.Debug|Any CPU.Build.0 = Debug|Any CPU
		{BE1381DE-6771-4F2E-8F31-8949EDC6CFC1}.Debug|x64.ActiveCfg = Debug|Any CPU
		{BE1381DE-6771-4F2E-8F31-8949EDC6CFC1}.Debug|x64.Build.0 = Debug|Any CPU
		{BE1381DE-6771-4F2E-8F31-8949EDC6CFC1}.Debug|x86.ActiveCfg = Debug|Any CPU
		{BE1381DE-6771-4F2E-8F31-8949EDC6CFC1}.Debug|x86.Build.0 = Debug|Any CPU
		{BE1381DE-6771-4F2E-8F31-8949EDC6CFC1}.Release|Any CPU.ActiveCfg = Release|Any CPU
		{BE1381DE-6771-4F2E-8F31-8949EDC6CFC1}.Release|Any CPU.Build.0 = Release|Any CPU
		{BE1381DE-6771-4F2E-8F31-8949EDC6CFC1}.Release|x64.ActiveCfg = Release|Any CPU
		{BE1381DE-6771-4F2E-8F31-8949EDC6CFC1}.Release|x64.Build.0 = Release|Any CPU
		{BE1381DE-6771-4F2E-8F31-8949EDC6CFC1}.Release|x86.ActiveCfg = Release|Any CPU
		{BE1381DE-6771-4F2E-8F31-8949EDC6CFC1}.Release|x86.Build.0 = Release|Any CPU
		{2C208038-27DA-4F7B-AA8C-276BB2531E1E}.Debug|Any CPU.ActiveCfg = Debug|Any CPU
		{2C208038-27DA-4F7B-AA8C-276BB2531E1E}.Debug|Any CPU.Build.0 = Debug|Any CPU
		{2C208038-27DA-4F7B-AA8C-276BB2531E1E}.Debug|x64.ActiveCfg = Debug|Any CPU
		{2C208038-27DA-4F7B-AA8C-276BB2531E1E}.Debug|x64.Build.0 = Debug|Any CPU
		{2C208038-27DA-4F7B-AA8C-276BB2531E1E}.Debug|x86.ActiveCfg = Debug|Any CPU
		{2C208038-27DA-4F7B-AA8C-276BB2531E1E}.Debug|x86.Build.0 = Debug|Any CPU
		{2C208038-27DA-4F7B-AA8C-276BB2531E1E}.Release|Any CPU.ActiveCfg = Release|Any CPU
		{2C208038-27DA-4F7B-AA8C-276BB2531E1E}.Release|Any CPU.Build.0 = Release|Any CPU
		{2C208038-27DA-4F7B-AA8C-276BB2531E1E}.Release|x64.ActiveCfg = Release|Any CPU
		{2C208038-27DA-4F7B-AA8C-276BB2531E1E}.Release|x64.Build.0 = Release|Any CPU
		{2C208038-27DA-4F7B-AA8C-276BB2531E1E}.Release|x86.ActiveCfg = Release|Any CPU
		{2C208038-27DA-4F7B-AA8C-276BB2531E1E}.Release|x86.Build.0 = Release|Any CPU
	EndGlobalSection
	GlobalSection(SolutionProperties) = preSolution
		HideSolutionNode = FALSE
	EndGlobalSection
	GlobalSection(ExtensibilityGlobals) = postSolution
		EnterpriseLibraryConfigurationToolBinariesPath = packages\Unity.2.1.505.2\lib\NET35
		SolutionGuid = {44CEEF5D-7AE2-4DF9-91E1-E4B4B0C9EAC1}
	EndGlobalSection
EndGlobal
